
Microsoft Visual Studio Solution File, Format Version 12.00
# Visual Studio Version 17
VisualStudioVersion = 17.7.34202.233
MinimumVisualStudioVersion = 10.0.40219.1
Project("{FAE04EC0-301F-11D3-BF4B-00C04F79EFBC}") = "WebApplication3", "WebApplication3\WebApplication3.csproj", "{194A4408-F0BC-4E32-93D3-D6C9BF167920}"
EndProject
Global
	GlobalSection(SolutionConfigurationPlatforms) = preSolution
		Debug|Any CPU = Debug|Any CPU
		Release|Any CPU = Release|Any CPU
	EndGlobalSection
	GlobalSection(ProjectConfigurationPlatforms) = postSolution
		{194A4408-F0BC-4E32-93D3-D6C9BF167920}.Debug|Any CPU.ActiveCfg = Debug|Any CPU
		{194A4408-F0BC-4E32-93D3-D6C9BF167920}.Debug|Any CPU.Build.0 = Debug|Any CPU
		{194A4408-F0BC-4E32-93D3-D6C9BF167920}.Release|Any CPU.ActiveCfg = Release|Any CPU
		{194A4408-F0BC-4E32-93D3-D6C9BF167920}.Release|Any CPU.Build.0 = Release|Any CPU
	EndGlobalSection
	GlobalSection(SolutionProperties) = preSolution
		HideSolutionNode = FALSE
	EndGlobalSection
	GlobalSection(ExtensibilityGlobals) = postSolution
		SolutionGuid = {E5216AAD-7CE8-498F-B81B-05DB0AD0B380}
	EndGlobalSection
EndGlobal
